
Microsoft Visual Studio Solution File, Format Version 12.00
# Visual Studio Version 17
VisualStudioVersion = 17.0.31903.59
MinimumVisualStudioVersion = 10.0.40219.1
Project("{FAE04EC0-301F-11D3-BF4B-00C04F79EFBC}") = "portfolioSite", "portfolioSite\portfolioSite.csproj", "{16B22586-84EA-4FB8-9329-5B3F28A35118}"
EndProject
Global
	GlobalSection(SolutionConfigurationPlatforms) = preSolution
		Debug|Any CPU = Debug|Any CPU
		Release|Any CPU = Release|Any CPU
	EndGlobalSection
	GlobalSection(SolutionProperties) = preSolution
		HideSolutionNode = FALSE
	EndGlobalSection
	GlobalSection(ProjectConfigurationPlatforms) = postSolution
		{16B22586-84EA-4FB8-9329-5B3F28A35118}.Debug|Any CPU.ActiveCfg = Debug|Any CPU
		{16B22586-84EA-4FB8-9329-5B3F28A35118}.Debug|Any CPU.Build.0 = Debug|Any CPU
		{16B22586-84EA-4FB8-9329-5B3F28A35118}.Release|Any CPU.ActiveCfg = Release|Any CPU
		{16B22586-84EA-4FB8-9329-5B3F28A35118}.Release|Any CPU.Build.0 = Release|Any CPU
	EndGlobalSection
EndGlobal
